PODS:
  - FlutterMacOS (1.0.0)
  - no_screenshot (1.2.0):
    - FlutterMacOS

DEPENDENCIES:
  - FlutterMacOS (from `Flutter/ephemeral`)
  - no_screenshot (from `Flutter/ephemeral/.symlinks/plugins/no_screenshot/macos`)

EXTERNAL SOURCES:
  FlutterMacOS:
    :path: Flutter/ephemeral
  no_screenshot:
    :path: Flutter/ephemeral/.symlinks/plugins/no_screenshot/macos

SPEC CHECKSUMS:
  FlutterMacOS: d0db08ddef1a9af05a5ec4b724367152bb0500b1
  no_screenshot: bf35c0278461a4ac92756494a14a4c315984a3e0

PODFILE CHECKSUM: 54d867c82ac51cbd61b565781b9fada492027009

COCOAPODS: 1.16.2
